# generated by rye
# use `rye lock` or `rye sync` to update this lockfile
#
# last locked with the following flags:
#   pre: false
#   features: []
#   all-features: false

-e file:.
aiofiles==23.2.1
babel==2.12.1
blinker==1.5
certifi==2023.7.22
charset-normalizer==3.2.0
click==8.1.7
coloredlogs==15.0.1
dataclasses-json==0.6.0
dateparser==1.1.8
docopt==0.6.2
editdistance==0.6.2
epitran==1.17
espeak-phonemizer==1.3.1
flatbuffers==23.5.26
gruut==2.3.4
gruut-ipa==0.13.0
gruut-lang-en==2.0.0
h11==0.14.0
h2==4.1.0
hpack==4.0.0
humanfriendly==10.0
hypercorn==0.14.4
hyperframe==6.0.1
idna==3.4
itsdangerous==2.1.2
jinja2==3.1.2
jsonlines==1.2.0
marisa-trie==1.0.0
markupsafe==2.1.3
marshmallow==3.20.1
mpmath==1.3.0
munkres==1.1.4
mycroft-mimic3-tts==0.2.4
mypy-extensions==1.0.0
networkx==2.8.8
num2words==0.5.12
numpy==1.26.0
onnxruntime==1.15.1
packaging==23.1
panphon==0.20.0
phonemes2ids==1.2.2
priority==2.0.0
protobuf==4.24.3
python-crfsuite==0.9.9
python-dateutil==2.8.2
pytz==2023.3.post1
pyyaml==6.0.1
quart==0.18.4
quart-cors==0.6.0
regex==2023.8.8
requests==2.31.0
six==1.16.0
swagger-ui-py==21.12.8
sympy==1.12
tqdm==4.66.1
typing-extensions==4.8.0
typing-inspect==0.9.0
tzlocal==5.0.1
unicodecsv==0.14.1
urllib3==2.0.4
werkzeug==2.3.7
wsproto==1.2.0
xdgenvpy==2.3.5
# The following packages are considered to be unsafe in a requirements file:
setuptools==68.2.2
